
Microsoft Visual Studio Solution File, Format Version 12.00
# Visual Studio Version 17
VisualStudioVersion = 17.0.32014.148
MinimumVisualStudioVersion = 10.0.40219.1
Project("{FAE04EC0-301F-11D3-BF4B-00C04F79EFBC}") = "UTest", "UTest.csproj", "{6E54F0A3-A6CE-44A8-9ED1-7BDA88534019}"
EndProject
Global
	GlobalSection(SolutionConfigurationPlatforms) = preSolution
		Debug|Any CPU = Debug|Any CPU
		Release|Any CPU = Release|Any CPU
	EndGlobalSection
	GlobalSection(ProjectConfigurationPlatforms) = postSolution
		{6E54F0A3-A6CE-44A8-9ED1-7BDA88534019}.Debug|Any CPU.ActiveCfg = Debug|Any CPU
		{6E54F0A3-A6CE-44A8-9ED1-7BDA88534019}.Debug|Any CPU.Build.0 = Debug|Any CPU
		{6E54F0A3-A6CE-44A8-9ED1-7BDA88534019}.Release|Any CPU.ActiveCfg = Release|Any CPU
		{6E54F0A3-A6CE-44A8-9ED1-7BDA88534019}.Release|Any CPU.Build.0 = Release|Any CPU
	EndGlobalSection
	GlobalSection(SolutionProperties) = preSolution
		HideSolutionNode = FALSE
	EndGlobalSection
	GlobalSection(ExtensibilityGlobals) = postSolution
		SolutionGuid = {E446F901-7DE0-4667-A808-AB6C3994C018}
	EndGlobalSection
EndGlobal
